
Microsoft Visual Studio Solution File, Format Version 12.00
# Visual Studio Version 17
VisualStudioVersion = 17.9.34723.18
MinimumVisualStudioVersion = 10.0.40219.1
Project("{FAE04EC0-301F-11D3-BF4B-00C04F79EFBC}") = "Cafeteria.App", "Cafeteria.App\Cafeteria.App.csproj", "{5E5654E6-75A8-4870-AC45-BD0E15795D8C}"
EndProject
Global
	GlobalSection(SolutionConfigurationPlatforms) = preSolution
		Debug|Any CPU = Debug|Any CPU
		Release|Any CPU = Release|Any CPU
	EndGlobalSection
	GlobalSection(ProjectConfigurationPlatforms) = postSolution
		{5E5654E6-75A8-4870-AC45-BD0E15795D8C}.Debug|Any CPU.ActiveCfg = Debug|Any CPU
		{5E5654E6-75A8-4870-AC45-BD0E15795D8C}.Debug|Any CPU.Build.0 = Debug|Any CPU
		{5E5654E6-75A8-4870-AC45-BD0E15795D8C}.Release|Any CPU.ActiveCfg = Release|Any CPU
		{5E5654E6-75A8-4870-AC45-BD0E15795D8C}.Release|Any CPU.Build.0 = Release|Any CPU
	EndGlobalSection
	GlobalSection(SolutionProperties) = preSolution
		HideSolutionNode = FALSE
	EndGlobalSection
	GlobalSection(ExtensibilityGlobals) = postSolution
		SolutionGuid = {2913771E-3291-4E66-A5F7-05655D6D7314}
	EndGlobalSection
EndGlobal
